{
  "version": 4,
  "terraform_version": "1.8.5",
  "serial": 2907,
  "lineage": "8dd3ed96-6afe-ac7a-e498-e432f330adb5",
  "outputs": {},
  "resources": [
    {
      "mode": "data",
      "type": "archive_file",
      "name": "lambda_signin",
      "provider": "provider[\"registry.terraform.io/hashicorp/archive\"]",
      "instances": [
        {
          "schema_version": 0,
          "attributes": {
            "exclude_symlink_directories": null,
            "excludes": null,
            "id": "b33729be1dd3401d9fa92012720bea79d9254ffc",
            "output_base64sha256": "AtsHAqd2GPPC8WtphP1cg82ikf/3YmykTWEOmgY80Qw=",
            "output_base64sha512": "HIuV1coxTylEWLuksNG7MYonNbL2Z9SR+/g+bfgaFp+f3lVwXQhem3k2rJc2j3HkiLFGad+8mXg1lDQYHDEI6g==",
            "output_file_mode": null,
            "output_md5": "d9a7303f9ceb2fc5a78c697d8cfc558f",
            "output_path": "lambda_signin.zip",
            "output_sha": "b33729be1dd3401d9fa92012720bea79d9254ffc",
            "output_sha256": "02db0702a77618f3c2f16b6984fd5c83cda291fff7626ca44d610e9a063cd10c",
            "output_sha512": "1c8b95d5ca314f294458bba4b0d1bb318a2735b2f667d491fbf83e6df81a169f9fde55705d085e9b7936ac97368f71e488b14669dfbc9978359434181c3108ea",
            "output_size": 716,
            "source": [],
            "source_content": null,
            "source_content_filename": null,
            "source_dir": null,
            "source_file": "lambda_signin.py",
            "type": "zip"
          },
          "sensitive_attributes": []
        }
      ]
    },
    {
      "mode": "data",
      "type": "archive_file",
      "name": "lambda_signup",
      "provider": "provider[\"registry.terraform.io/hashicorp/archive\"]",
      "instances": [
        {
          "schema_version": 0,
          "attributes": {
            "exclude_symlink_directories": null,
            "excludes": null,
            "id": "3999b83031a8dc807e5295f5f14668b3c17845ce",
            "output_base64sha256": "K5T9f+3vhdrQn2yCxbqB5hGFRtCbM+pONojuUhGycac=",
            "output_base64sha512": "2zKy7viYdhTi/nlT8Z53WPtMRzNUfGBVdLOUjapITYFK5Er69aX604QsGLc5pRwHTJ6+2D12ORmPJYMQHHjMHQ==",
            "output_file_mode": null,
            "output_md5": "be2815d4cfb128b99abc265565c35153",
            "output_path": "lambda_signup.zip",
            "output_sha": "3999b83031a8dc807e5295f5f14668b3c17845ce",
            "output_sha256": "2b94fd7fedef85dad09f6c82c5ba81e6118546d09b33ea4e3688ee5211b271a7",
            "output_sha512": "db32b2eef8987614e2fe7953f19e7758fb4c4733547c605574b3948daa484d814ae44afaf5a5fad3842c18b739a51c074c9ebed83d7639198f2583101c78cc1d",
            "output_size": 868,
            "source": [],
            "source_content": null,
            "source_content_filename": null,
            "source_dir": null,
            "source_file": "lambda_signup.py",
            "type": "zip"
          },
          "sensitive_attributes": []
        }
      ]
    },
    {
      "mode": "data",
      "type": "archive_file",
      "name": "lambda_verification",
      "provider": "provider[\"registry.terraform.io/hashicorp/archive\"]",
      "instances": [
        {
          "schema_version": 0,
          "attributes": {
            "exclude_symlink_directories": null,
            "excludes": null,
            "id": "05e32e2cdcecb096efa56a207a7a997f89abb199",
            "output_base64sha256": "yzhaVp3pLrifrhKFqjAIKrxbdG8KUo0xgIWWlsxUTng=",
            "output_base64sha512": "sEOy1S9pLNyxEFObAxdlPlwgfRbUoo7ZxE1w0OXdiW6fSZDVFZNY1+7UDnt8mqeDTqbLKo6AUibqNMrW3ZN+/Q==",
            "output_file_mode": null,
            "output_md5": "bdd6c57a8be8e22766e62e2a97198ad6",
            "output_path": "lambda_verification.zip",
            "output_sha": "05e32e2cdcecb096efa56a207a7a997f89abb199",
            "output_sha256": "cb385a569de92eb89fae1285aa30082abc5b746f0a528d3180859696cc544e78",
            "output_sha512": "b043b2d52f692cdcb110539b0317653e5c207d16d4a28ed9c44d70d0e5dd896e9f4990d5159358d7eed40e7b7c9aa7834ea6cb2a8e805226ea34cad6dd937efd",
            "output_size": 682,
            "source": [],
            "source_content": null,
            "source_content_filename": null,
            "source_dir": null,
            "source_file": "lambda_verification.py",
            "type": "zip"
          },
          "sensitive_attributes": []
        }
      ]
    },
    {
      "mode": "managed",
      "type": "aws_api_gateway_deployment",
      "name": "api_deployment",
      "provider": "provider[\"registry.terraform.io/hashicorp/aws\"]",
      "instances": [
        {
          "schema_version": 0,
          "attributes": {
            "canary_settings": [],
            "created_date": "2024-06-19T06:56:09Z",
            "description": "",
            "execution_arn": "arn:aws:execute-api:us-west-2:912920311350:w7jvupaxab/lpu",
            "id": "edeu3y",
            "invoke_url": "https://w7jvupaxab.execute-api.us-west-2.amazonaws.com/lpu",
            "rest_api_id": "w7jvupaxab",
            "stage_description": null,
            "stage_name": "lpu",
            "triggers": null,
            "variables": null
          },
          "sensitive_attributes": [],
          "private": "bnVsbA==",
          "dependencies": [
            "aws_api_gateway_integration.signin_options",
            "aws_api_gateway_integration.signin_post",
            "aws_api_gateway_integration.signup_options",
            "aws_api_gateway_integration.signup_post",
            "aws_api_gateway_integration.verify_options",
            "aws_api_gateway_integration.verify_post",
            "aws_api_gateway_method.signin_options",
            "aws_api_gateway_method.signin_post",
            "aws_api_gateway_method.signup_options",
            "aws_api_gateway_method.signup_post",
            "aws_api_gateway_method.verify_options",
            "aws_api_gateway_method.verify_post",
            "aws_api_gateway_resource.signin",
            "aws_api_gateway_resource.signup",
            "aws_api_gateway_resource.verify",
            "aws_api_gateway_rest_api.testing",
            "aws_cognito_user_pool.test",
            "aws_cognito_user_pool_client.test_client",
            "aws_lambda_function.lambda_signin",
            "aws_lambda_function.lambda_signup",
            "aws_lambda_function.lambda_verification",
            "data.archive_file.lambda_signin",
            "data.archive_file.lambda_signup",
            "data.archive_file.lambda_verification"
          ]
        }
      ]
    },
    {
      "mode": "managed",
      "type": "aws_api_gateway_integration",
      "name": "signin_options",
      "provider": "provider[\"registry.terraform.io/hashicorp/aws\"]",
      "instances": [
        {
          "schema_version": 0,
          "attributes": {
            "cache_key_parameters": null,
            "cache_namespace": "sttbgy",
            "connection_id": "",
            "connection_type": "INTERNET",
            "content_handling": "",
            "credentials": "",
            "http_method": "OPTIONS",
            "id": "agi-w7jvupaxab-sttbgy-OPTIONS",
            "integration_http_method": "",
            "passthrough_behavior": "WHEN_NO_MATCH",
            "request_parameters": null,
            "request_templates": {
              "application/json": "{\"statusCode\": 200}"
            },
            "resource_id": "sttbgy",
            "rest_api_id": "w7jvupaxab",
            "timeout_milliseconds": 29000,
            "tls_config": [],
            "type": "MOCK",
            "uri": ""
          },
          "sensitive_attributes": [],
          "private": "bnVsbA==",
          "dependencies": [
            "aws_api_gateway_method.signin_options",
            "aws_api_gateway_resource.signin",
            "aws_api_gateway_rest_api.testing"
          ]
        }
      ]
    },
    {
      "mode": "managed",
      "type": "aws_api_gateway_integration",
      "name": "signin_post",
      "provider": "provider[\"registry.terraform.io/hashicorp/aws\"]",
      "instances": [
        {
          "schema_version": 0,
          "attributes": {
            "cache_key_parameters": null,
            "cache_namespace": "sttbgy",
            "connection_id": "",
            "connection_type": "INTERNET",
            "content_handling": "",
            "credentials": "",
            "http_method": "POST",
            "id": "agi-w7jvupaxab-sttbgy-POST",
            "integration_http_method": "POST",
            "passthrough_behavior": "WHEN_NO_MATCH",
            "request_parameters": null,
            "request_templates": null,
            "resource_id": "sttbgy",
            "rest_api_id": "w7jvupaxab",
            "timeout_milliseconds": 29000,
            "tls_config": [],
            "type": "AWS_PROXY",
            "uri": "arn:aws:apigateway:us-west-2:lambda:path/2015-03-31/functions/arn:aws:lambda:us-west-2:912920311350:function:lambda_function_signin/invocations"
          },
          "sensitive_attributes": [],
          "private": "bnVsbA==",
          "dependencies": [
            "aws_api_gateway_method.signin_post",
            "aws_api_gateway_resource.signin",
            "aws_api_gateway_rest_api.testing",
            "aws_cognito_user_pool.test",
            "aws_cognito_user_pool_client.test_client",
            "aws_lambda_function.lambda_signin",
            "data.archive_file.lambda_signin"
          ]
        }
      ]
    },
    {
      "mode": "managed",
      "type": "aws_api_gateway_integration",
      "name": "signup_options",
      "provider": "provider[\"registry.terraform.io/hashicorp/aws\"]",
      "instances": [
        {
          "schema_version": 0,
          "attributes": {
            "cache_key_parameters": null,
            "cache_namespace": "sbummt",
            "connection_id": "",
            "connection_type": "INTERNET",
            "content_handling": "",
            "credentials": "",
            "http_method": "OPTIONS",
            "id": "agi-w7jvupaxab-sbummt-OPTIONS",
            "integration_http_method": "",
            "passthrough_behavior": "WHEN_NO_MATCH",
            "request_parameters": null,
            "request_templates": {
              "application/json": "{\"statusCode\": 200}"
            },
            "resource_id": "sbummt",
            "rest_api_id": "w7jvupaxab",
            "timeout_milliseconds": 29000,
            "tls_config": [],
            "type": "MOCK",
            "uri": ""
          },
          "sensitive_attributes": [],
          "private": "bnVsbA==",
          "dependencies": [
            "aws_api_gateway_method.signup_options",
            "aws_api_gateway_resource.signup",
            "aws_api_gateway_rest_api.testing"
          ]
        }
      ]
    },
    {
      "mode": "managed",
      "type": "aws_api_gateway_integration",
      "name": "signup_post",
      "provider": "provider[\"registry.terraform.io/hashicorp/aws\"]",
      "instances": [
        {
          "schema_version": 0,
          "attributes": {
            "cache_key_parameters": null,
            "cache_namespace": "sbummt",
            "connection_id": "",
            "connection_type": "INTERNET",
            "content_handling": "",
            "credentials": "",
            "http_method": "POST",
            "id": "agi-w7jvupaxab-sbummt-POST",
            "integration_http_method": "POST",
            "passthrough_behavior": "WHEN_NO_MATCH",
            "request_parameters": null,
            "request_templates": null,
            "resource_id": "sbummt",
            "rest_api_id": "w7jvupaxab",
            "timeout_milliseconds": 29000,
            "tls_config": [],
            "type": "AWS_PROXY",
            "uri": "arn:aws:apigateway:us-west-2:lambda:path/2015-03-31/functions/arn:aws:lambda:us-west-2:912920311350:function:lambda_function_signup/invocations"
          },
          "sensitive_attributes": [],
          "private": "bnVsbA==",
          "dependencies": [
            "aws_api_gateway_method.signup_post",
            "aws_api_gateway_resource.signup",
            "aws_api_gateway_rest_api.testing",
            "aws_cognito_user_pool.test",
            "aws_cognito_user_pool_client.test_client",
            "aws_lambda_function.lambda_signin",
            "aws_lambda_function.lambda_signup",
            "data.archive_file.lambda_signin",
            "data.archive_file.lambda_signup"
          ]
        }
      ]
    },
    {
      "mode": "managed",
      "type": "aws_api_gateway_integration",
      "name": "verify_options",
      "provider": "provider[\"registry.terraform.io/hashicorp/aws\"]",
      "instances": [
        {
          "schema_version": 0,
          "attributes": {
            "cache_key_parameters": null,
            "cache_namespace": "q8t59t",
            "connection_id": "",
            "connection_type": "INTERNET",
            "content_handling": "",
            "credentials": "",
            "http_method": "OPTIONS",
            "id": "agi-w7jvupaxab-q8t59t-OPTIONS",
            "integration_http_method": "",
            "passthrough_behavior": "WHEN_NO_MATCH",
            "request_parameters": null,
            "request_templates": {
              "application/json": "{\"statusCode\": 200}"
            },
            "resource_id": "q8t59t",
            "rest_api_id": "w7jvupaxab",
            "timeout_milliseconds": 29000,
            "tls_config": [],
            "type": "MOCK",
            "uri": ""
          },
          "sensitive_attributes": [],
          "private": "bnVsbA==",
          "dependencies": [
            "aws_api_gateway_method.verify_options",
            "aws_api_gateway_resource.verify",
            "aws_api_gateway_rest_api.testing"
          ]
        }
      ]
    },
    {
      "mode": "managed",
      "type": "aws_api_gateway_integration",
      "name": "verify_post",
      "provider": "provider[\"registry.terraform.io/hashicorp/aws\"]",
      "instances": [
        {
          "schema_version": 0,
          "attributes": {
            "cache_key_parameters": null,
            "cache_namespace": "q8t59t",
            "connection_id": "",
            "connection_type": "INTERNET",
            "content_handling": "",
            "credentials": "",
            "http_method": "POST",
            "id": "agi-w7jvupaxab-q8t59t-POST",
            "integration_http_method": "POST",
            "passthrough_behavior": "WHEN_NO_MATCH",
            "request_parameters": null,
            "request_templates": null,
            "resource_id": "q8t59t",
            "rest_api_id": "w7jvupaxab",
            "timeout_milliseconds": 29000,
            "tls_config": [],
            "type": "AWS_PROXY",
            "uri": "arn:aws:apigateway:us-west-2:lambda:path/2015-03-31/functions/arn:aws:lambda:us-west-2:912920311350:function:lambda_function_verification/invocations"
          },
          "sensitive_attributes": [],
          "private": "bnVsbA==",
          "dependencies": [
            "aws_api_gateway_method.verify_post",
            "aws_api_gateway_resource.verify",
            "aws_api_gateway_rest_api.testing",
            "aws_cognito_user_pool.test",
            "aws_cognito_user_pool_client.test_client",
            "aws_lambda_function.lambda_signin",
            "aws_lambda_function.lambda_signup",
            "aws_lambda_function.lambda_verification",
            "data.archive_file.lambda_signin",
            "data.archive_file.lambda_signup",
            "data.archive_file.lambda_verification"
          ]
        }
      ]
    },
    {
      "mode": "managed",
      "type": "aws_api_gateway_integration_response",
      "name": "signin_options",
      "provider": "provider[\"registry.terraform.io/hashicorp/aws\"]",
      "instances": [
        {
          "schema_version": 0,
          "attributes": {
            "content_handling": "",
            "http_method": "OPTIONS",
            "id": "agir-w7jvupaxab-sttbgy-OPTIONS-200",
            "resource_id": "sttbgy",
            "response_parameters": {
              "method.response.header.Access-Control-Allow-Headers": "'Content-Type,X-Amz-Date,Authorization,X-Api-Key,X-Amz-Security-Token'",
              "method.response.header.Access-Control-Allow-Methods": "'OPTIONS,POST'",
              "method.response.header.Access-Control-Allow-Origin": "'*'"
            },
            "response_templates": {
              "application/json": ""
            },
            "rest_api_id": "w7jvupaxab",
            "selection_pattern": "",
            "status_code": "200"
          },
          "sensitive_attributes": [],
          "private": "bnVsbA==",
          "dependencies": [
            "aws_api_gateway_integration.signin_post",
            "aws_api_gateway_method.signin_options",
            "aws_api_gateway_method.signin_post",
            "aws_api_gateway_resource.signin",
            "aws_api_gateway_rest_api.testing",
            "aws_cognito_user_pool.test",
            "aws_cognito_user_pool_client.test_client",
            "aws_lambda_function.lambda_signin",
            "data.archive_file.lambda_signin"
          ]
        }
      ]
    },
    {
      "mode": "managed",
      "type": "aws_api_gateway_integration_response",
      "name": "signin_post_api",
      "provider": "provider[\"registry.terraform.io/hashicorp/aws\"]",
      "instances": [
        {
          "schema_version": 0,
          "attributes": {
            "content_handling": "",
            "http_method": "POST",
            "id": "agir-w7jvupaxab-sttbgy-POST-200",
            "resource_id": "sttbgy",
            "response_parameters": null,
            "response_templates": null,
            "rest_api_id": "w7jvupaxab",
            "selection_pattern": "",
            "status_code": "200"
          },
          "sensitive_attributes": [],
          "private": "bnVsbA==",
          "dependencies": [
            "aws_api_gateway_integration.signin_post",
            "aws_api_gateway_method.signin_post",
            "aws_api_gateway_resource.signin",
            "aws_api_gateway_rest_api.testing",
            "aws_cognito_user_pool.test",
            "aws_cognito_user_pool_client.test_client",
            "aws_lambda_function.lambda_signin",
            "data.archive_file.lambda_signin"
          ]
        }
      ]
    },
    {
      "mode": "managed",
      "type": "aws_api_gateway_integration_response",
      "name": "signup_options",
      "provider": "provider[\"registry.terraform.io/hashicorp/aws\"]",
      "instances": [
        {
          "schema_version": 0,
          "attributes": {
            "content_handling": "",
            "http_method": "OPTIONS",
            "id": "agir-w7jvupaxab-sbummt-OPTIONS-200",
            "resource_id": "sbummt",
            "response_parameters": {
              "method.response.header.Access-Control-Allow-Headers": "'Content-Type,X-Amz-Date,Authorization,X-Api-Key,X-Amz-Security-Token'",
              "method.response.header.Access-Control-Allow-Methods": "'OPTIONS,POST'",
              "method.response.header.Access-Control-Allow-Origin": "'*'"
            },
            "response_templates": {
              "application/json": ""
            },
            "rest_api_id": "w7jvupaxab",
            "selection_pattern": "",
            "status_code": "200"
          },
          "sensitive_attributes": [],
          "private": "bnVsbA==",
          "dependencies": [
            "aws_api_gateway_integration.signup_post",
            "aws_api_gateway_method.signup_options",
            "aws_api_gateway_method.signup_post",
            "aws_api_gateway_resource.signup",
            "aws_api_gateway_rest_api.testing",
            "aws_cognito_user_pool.test",
            "aws_cognito_user_pool_client.test_client",
            "aws_lambda_function.lambda_signin",
            "aws_lambda_function.lambda_signup",
            "data.archive_file.lambda_signin",
            "data.archive_file.lambda_signup"
          ]
        }
      ]
    },
    {
      "mode": "managed",
      "type": "aws_api_gateway_integration_response",
      "name": "signup_post_api",
      "provider": "provider[\"registry.terraform.io/hashicorp/aws\"]",
      "instances": [
        {
          "schema_version": 0,
          "attributes": {
            "content_handling": "",
            "http_method": "POST",
            "id": "agir-w7jvupaxab-sbummt-POST-200",
            "resource_id": "sbummt",
            "response_parameters": null,
            "response_templates": null,
            "rest_api_id": "w7jvupaxab",
            "selection_pattern": "",
            "status_code": "200"
          },
          "sensitive_attributes": [],
          "private": "bnVsbA==",
          "dependencies": [
            "aws_api_gateway_integration.signup_post",
            "aws_api_gateway_method.signup_post",
            "aws_api_gateway_resource.signup",
            "aws_api_gateway_rest_api.testing",
            "aws_cognito_user_pool.test",
            "aws_cognito_user_pool_client.test_client",
            "aws_lambda_function.lambda_signin",
            "aws_lambda_function.lambda_signup",
            "data.archive_file.lambda_signin",
            "data.archive_file.lambda_signup"
          ]
        }
      ]
    },
    {
      "mode": "managed",
      "type": "aws_api_gateway_integration_response",
      "name": "verify_options",
      "provider": "provider[\"registry.terraform.io/hashicorp/aws\"]",
      "instances": [
        {
          "schema_version": 0,
          "attributes": {
            "content_handling": "",
            "http_method": "OPTIONS",
            "id": "agir-w7jvupaxab-q8t59t-OPTIONS-200",
            "resource_id": "q8t59t",
            "response_parameters": {
              "method.response.header.Access-Control-Allow-Headers": "'Content-Type,X-Amz-Date,Authorization,X-Api-Key,X-Amz-Security-Token'",
              "method.response.header.Access-Control-Allow-Methods": "'OPTIONS,POST'",
              "method.response.header.Access-Control-Allow-Origin": "'*'"
            },
            "response_templates": {
              "application/json": ""
            },
            "rest_api_id": "w7jvupaxab",
            "selection_pattern": "",
            "status_code": "200"
          },
          "sensitive_attributes": [],
          "private": "bnVsbA==",
          "dependencies": [
            "aws_api_gateway_integration.verify_post",
            "aws_api_gateway_method.verify_options",
            "aws_api_gateway_method.verify_post",
            "aws_api_gateway_resource.verify",
            "aws_api_gateway_rest_api.testing",
            "aws_cognito_user_pool.test",
            "aws_cognito_user_pool_client.test_client",
            "aws_lambda_function.lambda_signin",
            "aws_lambda_function.lambda_signup",
            "aws_lambda_function.lambda_verification",
            "data.archive_file.lambda_signin",
            "data.archive_file.lambda_signup",
            "data.archive_file.lambda_verification"
          ]
        }
      ]
    },
    {
      "mode": "managed",
      "type": "aws_api_gateway_integration_response",
      "name": "verify_post_api",
      "provider": "provider[\"registry.terraform.io/hashicorp/aws\"]",
      "instances": [
        {
          "schema_version": 0,
          "attributes": {
            "content_handling": "",
            "http_method": "POST",
            "id": "agir-w7jvupaxab-q8t59t-POST-200",
            "resource_id": "q8t59t",
            "response_parameters": null,
            "response_templates": null,
            "rest_api_id": "w7jvupaxab",
            "selection_pattern": "",
            "status_code": "200"
          },
          "sensitive_attributes": [],
          "private": "bnVsbA==",
          "dependencies": [
            "aws_api_gateway_integration.verify_post",
            "aws_api_gateway_method.verify_post",
            "aws_api_gateway_resource.verify",
            "aws_api_gateway_rest_api.testing",
            "aws_cognito_user_pool.test",
            "aws_cognito_user_pool_client.test_client",
            "aws_lambda_function.lambda_signin",
            "aws_lambda_function.lambda_signup",
            "aws_lambda_function.lambda_verification",
            "data.archive_file.lambda_signin",
            "data.archive_file.lambda_signup",
            "data.archive_file.lambda_verification"
          ]
        }
      ]
    },
    {
      "mode": "managed",
      "type": "aws_api_gateway_method",
      "name": "signin_options",
      "provider": "provider[\"registry.terraform.io/hashicorp/aws\"]",
      "instances": [
        {
          "schema_version": 0,
          "attributes": {
            "api_key_required": false,
            "authorization": "NONE",
            "authorization_scopes": null,
            "authorizer_id": null,
            "http_method": "OPTIONS",
            "id": "agm-w7jvupaxab-sttbgy-OPTIONS",
            "operation_name": null,
            "request_models": null,
            "request_parameters": null,
            "request_validator_id": null,
            "resource_id": "sttbgy",
            "rest_api_id": "w7jvupaxab"
          },
          "sensitive_attributes": [],
          "private": "bnVsbA==",
          "dependencies": [
            "aws_api_gateway_resource.signin",
            "aws_api_gateway_rest_api.testing"
          ]
        }
      ]
    },
    {
      "mode": "managed",
      "type": "aws_api_gateway_method",
      "name": "signin_post",
      "provider": "provider[\"registry.terraform.io/hashicorp/aws\"]",
      "instances": [
        {
          "schema_version": 0,
          "attributes": {
            "api_key_required": false,
            "authorization": "NONE",
            "authorization_scopes": null,
            "authorizer_id": null,
            "http_method": "POST",
            "id": "agm-w7jvupaxab-sttbgy-POST",
            "operation_name": null,
            "request_models": null,
            "request_parameters": null,
            "request_validator_id": null,
            "resource_id": "sttbgy",
            "rest_api_id": "w7jvupaxab"
          },
          "sensitive_attributes": [],
          "private": "bnVsbA==",
          "dependencies": [
            "aws_api_gateway_resource.signin",
            "aws_api_gateway_rest_api.testing"
          ]
        }
      ]
    },
    {
      "mode": "managed",
      "type": "aws_api_gateway_method",
      "name": "signup_options",
      "provider": "provider[\"registry.terraform.io/hashicorp/aws\"]",
      "instances": [
        {
          "schema_version": 0,
          "attributes": {
            "api_key_required": false,
            "authorization": "NONE",
            "authorization_scopes": null,
            "authorizer_id": null,
            "http_method": "OPTIONS",
            "id": "agm-w7jvupaxab-sbummt-OPTIONS",
            "operation_name": null,
            "request_models": null,
            "request_parameters": null,
            "request_validator_id": null,
            "resource_id": "sbummt",
            "rest_api_id": "w7jvupaxab"
          },
          "sensitive_attributes": [],
          "private": "bnVsbA==",
          "dependencies": [
            "aws_api_gateway_resource.signup",
            "aws_api_gateway_rest_api.testing"
          ]
        }
      ]
    },
    {
      "mode": "managed",
      "type": "aws_api_gateway_method",
      "name": "signup_post",
      "provider": "provider[\"registry.terraform.io/hashicorp/aws\"]",
      "instances": [
        {
          "schema_version": 0,
          "attributes": {
            "api_key_required": false,
            "authorization": "NONE",
            "authorization_scopes": null,
            "authorizer_id": null,
            "http_method": "POST",
            "id": "agm-w7jvupaxab-sbummt-POST",
            "operation_name": null,
            "request_models": null,
            "request_parameters": null,
            "request_validator_id": null,
            "resource_id": "sbummt",
            "rest_api_id": "w7jvupaxab"
          },
          "sensitive_attributes": [],
          "private": "bnVsbA==",
          "dependencies": [
            "aws_api_gateway_resource.signup",
            "aws_api_gateway_rest_api.testing"
          ]
        }
      ]
    },
    {
      "mode": "managed",
      "type": "aws_api_gateway_method",
      "name": "verify_options",
      "provider": "provider[\"registry.terraform.io/hashicorp/aws\"]",
      "instances": [
        {
          "schema_version": 0,
          "attributes": {
            "api_key_required": false,
            "authorization": "NONE",
            "authorization_scopes": null,
            "authorizer_id": null,
            "http_method": "OPTIONS",
            "id": "agm-w7jvupaxab-q8t59t-OPTIONS",
            "operation_name": null,
            "request_models": null,
            "request_parameters": null,
            "request_validator_id": null,
            "resource_id": "q8t59t",
            "rest_api_id": "w7jvupaxab"
          },
          "sensitive_attributes": [],
          "private": "bnVsbA==",
          "dependencies": [
            "aws_api_gateway_resource.verify",
            "aws_api_gateway_rest_api.testing"
          ]
        }
      ]
    },
    {
      "mode": "managed",
      "type": "aws_api_gateway_method",
      "name": "verify_post",
      "provider": "provider[\"registry.terraform.io/hashicorp/aws\"]",
      "instances": [
        {
          "schema_version": 0,
          "attributes": {
            "api_key_required": false,
            "authorization": "NONE",
            "authorization_scopes": null,
            "authorizer_id": null,
            "http_method": "POST",
            "id": "agm-w7jvupaxab-q8t59t-POST",
            "operation_name": null,
            "request_models": null,
            "request_parameters": null,
            "request_validator_id": null,
            "resource_id": "q8t59t",
            "rest_api_id": "w7jvupaxab"
          },
          "sensitive_attributes": [],
          "private": "bnVsbA==",
          "dependencies": [
            "aws_api_gateway_resource.verify",
            "aws_api_gateway_rest_api.testing"
          ]
        }
      ]
    },
    {
      "mode": "managed",
      "type": "aws_api_gateway_method_response",
      "name": "signin_options_response",
      "provider": "provider[\"registry.terraform.io/hashicorp/aws\"]",
      "instances": [
        {
          "schema_version": 0,
          "attributes": {
            "http_method": "OPTIONS",
            "id": "agmr-w7jvupaxab-sttbgy-OPTIONS-200",
            "resource_id": "sttbgy",
            "response_models": {
              "application/json": "Empty"
            },
            "response_parameters": {
              "method.response.header.Access-Control-Allow-Headers": true,
              "method.response.header.Access-Control-Allow-Methods": true,
              "method.response.header.Access-Control-Allow-Origin": true
            },
            "rest_api_id": "w7jvupaxab",
            "status_code": "200"
          },
          "sensitive_attributes": [],
          "private": "bnVsbA==",
          "dependencies": [
            "aws_api_gateway_method.signin_options",
            "aws_api_gateway_resource.signin",
            "aws_api_gateway_rest_api.testing"
          ]
        }
      ]
    },
    {
      "mode": "managed",
      "type": "aws_api_gateway_method_response",
      "name": "signin_post_response",
      "provider": "provider[\"registry.terraform.io/hashicorp/aws\"]",
      "instances": [
        {
          "schema_version": 0,
          "attributes": {
            "http_method": "POST",
            "id": "agmr-w7jvupaxab-sttbgy-POST-200",
            "resource_id": "sttbgy",
            "response_models": null,
            "response_parameters": null,
            "rest_api_id": "w7jvupaxab",
            "status_code": "200"
          },
          "sensitive_attributes": [],
          "private": "bnVsbA==",
          "dependencies": [
            "aws_api_gateway_method.signin_post",
            "aws_api_gateway_resource.signin",
            "aws_api_gateway_rest_api.testing"
          ]
        }
      ]
    },
    {
      "mode": "managed",
      "type": "aws_api_gateway_method_response",
      "name": "signup_options_response",
      "provider": "provider[\"registry.terraform.io/hashicorp/aws\"]",
      "instances": [
        {
          "schema_version": 0,
          "attributes": {
            "http_method": "OPTIONS",
            "id": "agmr-w7jvupaxab-sbummt-OPTIONS-200",
            "resource_id": "sbummt",
            "response_models": {
              "application/json": "Empty"
            },
            "response_parameters": {
              "method.response.header.Access-Control-Allow-Headers": true,
              "method.response.header.Access-Control-Allow-Methods": true,
              "method.response.header.Access-Control-Allow-Origin": true
            },
            "rest_api_id": "w7jvupaxab",
            "status_code": "200"
          },
          "sensitive_attributes": [],
          "private": "bnVsbA==",
          "dependencies": [
            "aws_api_gateway_method.signup_options",
            "aws_api_gateway_resource.signup",
            "aws_api_gateway_rest_api.testing"
          ]
        }
      ]
    },
    {
      "mode": "managed",
      "type": "aws_api_gateway_method_response",
      "name": "signup_post_response",
      "provider": "provider[\"registry.terraform.io/hashicorp/aws\"]",
      "instances": [
        {
          "schema_version": 0,
          "attributes": {
            "http_method": "POST",
            "id": "agmr-w7jvupaxab-sbummt-POST-200",
            "resource_id": "sbummt",
            "response_models": null,
            "response_parameters": null,
            "rest_api_id": "w7jvupaxab",
            "status_code": "200"
          },
          "sensitive_attributes": [],
          "private": "bnVsbA==",
          "dependencies": [
            "aws_api_gateway_method.signup_post",
            "aws_api_gateway_resource.signup",
            "aws_api_gateway_rest_api.testing"
          ]
        }
      ]
    },
    {
      "mode": "managed",
      "type": "aws_api_gateway_method_response",
      "name": "verify_options_response",
      "provider": "provider[\"registry.terraform.io/hashicorp/aws\"]",
      "instances": [
        {
          "schema_version": 0,
          "attributes": {
            "http_method": "OPTIONS",
            "id": "agmr-w7jvupaxab-q8t59t-OPTIONS-200",
            "resource_id": "q8t59t",
            "response_models": {
              "application/json": "Empty"
            },
            "response_parameters": {
              "method.response.header.Access-Control-Allow-Headers": true,
              "method.response.header.Access-Control-Allow-Methods": true,
              "method.response.header.Access-Control-Allow-Origin": true
            },
            "rest_api_id": "w7jvupaxab",
            "status_code": "200"
          },
          "sensitive_attributes": [],
          "private": "bnVsbA==",
          "dependencies": [
            "aws_api_gateway_method.verify_options",
            "aws_api_gateway_resource.verify",
            "aws_api_gateway_rest_api.testing"
          ]
        }
      ]
    },
    {
      "mode": "managed",
      "type": "aws_api_gateway_method_response",
      "name": "verify_post_response",
      "provider": "provider[\"registry.terraform.io/hashicorp/aws\"]",
      "instances": [
        {
          "schema_version": 0,
          "attributes": {
            "http_method": "POST",
            "id": "agmr-w7jvupaxab-q8t59t-POST-200",
            "resource_id": "q8t59t",
            "response_models": null,
            "response_parameters": null,
            "rest_api_id": "w7jvupaxab",
            "status_code": "200"
          },
          "sensitive_attributes": [],
          "private": "bnVsbA==",
          "dependencies": [
            "aws_api_gateway_method.verify_post",
            "aws_api_gateway_resource.verify",
            "aws_api_gateway_rest_api.testing"
          ]
        }
      ]
    },
    {
      "mode": "managed",
      "type": "aws_api_gateway_resource",
      "name": "signin",
      "provider": "provider[\"registry.terraform.io/hashicorp/aws\"]",
      "instances": [
        {
          "schema_version": 0,
          "attributes": {
            "id": "sttbgy",
            "parent_id": "g5va1dip17",
            "path": "/signin",
            "path_part": "signin",
            "rest_api_id": "w7jvupaxab"
          },
          "sensitive_attributes": [],
          "private": "bnVsbA==",
          "dependencies": [
            "aws_api_gateway_rest_api.testing"
          ]
        }
      ]
    },
    {
      "mode": "managed",
      "type": "aws_api_gateway_resource",
      "name": "signup",
      "provider": "provider[\"registry.terraform.io/hashicorp/aws\"]",
      "instances": [
        {
          "schema_version": 0,
          "attributes": {
            "id": "sbummt",
            "parent_id": "g5va1dip17",
            "path": "/signup",
            "path_part": "signup",
            "rest_api_id": "w7jvupaxab"
          },
          "sensitive_attributes": [],
          "private": "bnVsbA==",
          "dependencies": [
            "aws_api_gateway_rest_api.testing"
          ]
        }
      ]
    },
    {
      "mode": "managed",
      "type": "aws_api_gateway_resource",
      "name": "verify",
      "provider": "provider[\"registry.terraform.io/hashicorp/aws\"]",
      "instances": [
        {
          "schema_version": 0,
          "attributes": {
            "id": "q8t59t",
            "parent_id": "g5va1dip17",
            "path": "/verify",
            "path_part": "verify",
            "rest_api_id": "w7jvupaxab"
          },
          "sensitive_attributes": [],
          "private": "bnVsbA==",
          "dependencies": [
            "aws_api_gateway_rest_api.testing"
          ]
        }
      ]
    },
    {
      "mode": "managed",
      "type": "aws_api_gateway_rest_api",
      "name": "testing",
      "provider": "provider[\"registry.terraform.io/hashicorp/aws\"]",
      "instances": [
        {
          "schema_version": 0,
          "attributes": {
            "api_key_source": "HEADER",
            "arn": "arn:aws:apigateway:us-west-2::/restapis/w7jvupaxab",
            "binary_media_types": [],
            "body": null,
            "created_date": "2024-06-19T06:55:44Z",
            "description": "API for testing",
            "disable_execute_api_endpoint": false,
            "endpoint_configuration": [
              {
                "types": [
                  "EDGE"
                ],
                "vpc_endpoint_ids": []
              }
            ],
            "execution_arn": "arn:aws:execute-api:us-west-2:912920311350:w7jvupaxab",
            "fail_on_warnings": null,
            "id": "w7jvupaxab",
            "minimum_compression_size": "",
            "name": "lpu-project",
            "parameters": null,
            "policy": "",
            "put_rest_api_mode": null,
            "root_resource_id": "g5va1dip17",
            "tags": null,
            "tags_all": {}
          },
          "sensitive_attributes": [],
          "private": "bnVsbA=="
        }
      ]
    },
    {
      "mode": "managed",
      "type": "aws_cognito_user_pool",
      "name": "test",
      "provider": "provider[\"registry.terraform.io/hashicorp/aws\"]",
      "instances": [
        {
          "schema_version": 0,
          "attributes": {
            "account_recovery_setting": [
              {
                "recovery_mechanism": [
                  {
                    "name": "verified_email",
                    "priority": 1
                  }
                ]
              }
            ],
            "admin_create_user_config": [
              {
                "allow_admin_create_user_only": false,
                "invite_message_template": [
                  {
                    "email_message": "Your username is {username} and temporary password is {####}. Sign in and set a new password.",
                    "email_subject": "Welcome to our service!",
                    "sms_message": "Your username is {username} and temporary password is {####}."
                  }
                ]
              }
            ],
            "alias_attributes": null,
            "arn": "arn:aws:cognito-idp:us-west-2:912920311350:userpool/us-west-2_kf4bpLufW",
            "auto_verified_attributes": [
              "email"
            ],
            "creation_date": "2024-06-19T06:55:44Z",
            "custom_domain": "",
            "deletion_protection": "INACTIVE",
            "device_configuration": [],
            "domain": "",
            "email_configuration": [
              {
                "configuration_set": "",
                "email_sending_account": "COGNITO_DEFAULT",
                "from_email_address": "",
                "reply_to_email_address": "",
                "source_arn": ""
              }
            ],
            "email_verification_message": "",
            "email_verification_subject": "",
            "endpoint": "cognito-idp.us-west-2.amazonaws.com/us-west-2_kf4bpLufW",
            "estimated_number_of_users": 0,
            "id": "us-west-2_kf4bpLufW",
            "lambda_config": [],
            "last_modified_date": "2024-06-19T06:55:44Z",
            "mfa_configuration": "OFF",
            "name": "lpu-pool",
            "password_policy": [
              {
                "minimum_length": 8,
                "require_lowercase": true,
                "require_numbers": true,
                "require_symbols": true,
                "require_uppercase": true,
                "temporary_password_validity_days": 7
              }
            ],
            "schema": [
              {
                "attribute_data_type": "String",
                "developer_only_attribute": false,
                "mutable": true,
                "name": "email",
                "number_attribute_constraints": [],
                "required": true,
                "string_attribute_constraints": []
              },
              {
                "attribute_data_type": "String",
                "developer_only_attribute": false,
                "mutable": true,
                "name": "preferred_username",
                "number_attribute_constraints": [],
                "required": false,
                "string_attribute_constraints": []
              }
            ],
            "sms_authentication_message": "",
            "sms_configuration": [],
            "sms_verification_message": "",
            "software_token_mfa_configuration": [],
            "tags": null,
            "tags_all": {},
            "user_attribute_update_settings": [
              {
                "attributes_require_verification_before_update": [
                  "email"
                ]
              }
            ],
            "user_pool_add_ons": [],
            "username_attributes": null,
            "username_configuration": [],
            "verification_message_template": [
              {
                "default_email_option": "CONFIRM_WITH_CODE",
                "email_message": "",
                "email_message_by_link": "",
                "email_subject": "",
                "email_subject_by_link": "",
                "sms_message": ""
              }
            ]
          },
          "sensitive_attributes": [],
          "private": "bnVsbA=="
        }
      ]
    },
    {
      "mode": "managed",
      "type": "aws_cognito_user_pool_client",
      "name": "test_client",
      "provider": "provider[\"registry.terraform.io/hashicorp/aws\"]",
      "instances": [
        {
          "schema_version": 0,
          "attributes": {
            "access_token_validity": 0,
            "allowed_oauth_flows": [
              "code"
            ],
            "allowed_oauth_flows_user_pool_client": true,
            "allowed_oauth_scopes": [
              "email",
              "openid"
            ],
            "analytics_configuration": [],
            "auth_session_validity": 3,
            "callback_urls": [
              "https://github.com/vishal-9878"
            ],
            "client_secret": "",
            "default_redirect_uri": "",
            "enable_propagate_additional_user_context_data": false,
            "enable_token_revocation": true,
            "explicit_auth_flows": [
              "ALLOW_REFRESH_TOKEN_AUTH",
              "ALLOW_USER_PASSWORD_AUTH",
              "ALLOW_USER_SRP_AUTH"
            ],
            "generate_secret": false,
            "id": "1e0kf1b183qibdvg2egh4sof10",
            "id_token_validity": 0,
            "logout_urls": [],
            "name": "lpu",
            "prevent_user_existence_errors": "ENABLED",
            "read_attributes": [],
            "refresh_token_validity": 30,
            "supported_identity_providers": [
              "COGNITO"
            ],
            "token_validity_units": [],
            "user_pool_id": "us-west-2_kf4bpLufW",
            "write_attributes": []
          },
          "sensitive_attributes": [
            [
              {
                "type": "get_attr",
                "value": "client_secret"
              }
            ]
          ],
          "dependencies": [
            "aws_cognito_user_pool.test"
          ]
        }
      ]
    },
    {
      "mode": "managed",
      "type": "aws_cognito_user_pool_domain",
      "name": "test_domain",
      "provider": "provider[\"registry.terraform.io/hashicorp/aws\"]",
      "instances": [
        {
          "schema_version": 0,
          "attributes": {
            "aws_account_id": "912920311350",
            "certificate_arn": "",
            "cloudfront_distribution": "dpp0gtxikpq3y.cloudfront.net",
            "cloudfront_distribution_arn": "dpp0gtxikpq3y.cloudfront.net",
            "cloudfront_distribution_zone_id": "Z2FDTNDATAQYW2",
            "domain": "lpu-domain-peoj",
            "id": "lpu-domain-peoj",
            "s3_bucket": "aws-cognito-prod-pdx-assets",
            "user_pool_id": "us-west-2_kf4bpLufW",
            "version": "20240619065546"
          },
          "sensitive_attributes": [],
          "private": "bnVsbA==",
          "dependencies": [
            "aws_cognito_user_pool.test"
          ]
        }
      ]
    },
    {
      "mode": "managed",
      "type": "aws_lambda_function",
      "name": "lambda_signin",
      "provider": "provider[\"registry.terraform.io/hashicorp/aws\"]",
      "instances": [
        {
          "schema_version": 0,
          "attributes": {
            "architectures": [
              "x86_64"
            ],
            "arn": "arn:aws:lambda:us-west-2:912920311350:function:lambda_function_signin",
            "code_sha256": "AtsHAqd2GPPC8WtphP1cg82ikf/3YmykTWEOmgY80Qw=",
            "code_signing_config_arn": "",
            "dead_letter_config": [],
            "description": "",
            "environment": [
              {
                "variables": {
                  "COGNITO_USER_POOL_CLIENT_ID": "1e0kf1b183qibdvg2egh4sof10"
                }
              }
            ],
            "ephemeral_storage": [
              {
                "size": 512
              }
            ],
            "file_system_config": [],
            "filename": "lambda_signin.zip",
            "function_name": "lambda_function_signin",
            "handler": "lambda_signin.lambda_handler",
            "id": "lambda_function_signin",
            "image_config": [],
            "image_uri": "",
            "invoke_arn": "arn:aws:apigateway:us-west-2:lambda:path/2015-03-31/functions/arn:aws:lambda:us-west-2:912920311350:function:lambda_function_signin/invocations",
            "kms_key_arn": "",
            "last_modified": "2024-06-19T06:55:46.945+0000",
            "layers": null,
            "logging_config": [
              {
                "application_log_level": "",
                "log_format": "Text",
                "log_group": "/aws/lambda/lambda_function_signin",
                "system_log_level": ""
              }
            ],
            "memory_size": 128,
            "package_type": "Zip",
            "publish": false,
            "qualified_arn": "arn:aws:lambda:us-west-2:912920311350:function:lambda_function_signin:$LATEST",
            "qualified_invoke_arn": "arn:aws:apigateway:us-west-2:lambda:path/2015-03-31/functions/arn:aws:lambda:us-west-2:912920311350:function:lambda_function_signin:$LATEST/invocations",
            "replace_security_groups_on_destroy": null,
            "replacement_security_group_ids": null,
            "reserved_concurrent_executions": -1,
            "role": "arn:aws:iam::912920311350:role/my-lambda-full",
            "runtime": "python3.12",
            "s3_bucket": null,
            "s3_key": null,
            "s3_object_version": null,
            "signing_job_arn": "",
            "signing_profile_version_arn": "",
            "skip_destroy": false,
            "snap_start": [],
            "source_code_hash": "",
            "source_code_size": 716,
            "tags": null,
            "tags_all": {},
            "timeout": 3,
            "timeouts": null,
            "tracing_config": [
              {
                "mode": "PassThrough"
              }
            ],
            "version": "$LATEST",
            "vpc_config": []
          },
          "sensitive_attributes": [],
          "private": "eyJlMmJmYjczMC1lY2FhLTExZTYtOGY4OC0zNDM2M2JjN2M0YzAiOnsiY3JlYXRlIjo2MDAwMDAwMDAwMDAsImRlbGV0ZSI6NjAwMDAwMDAwMDAwLCJ1cGRhdGUiOjYwMDAwMDAwMDAwMH19",
          "dependencies": [
            "aws_cognito_user_pool.test",
            "aws_cognito_user_pool_client.test_client",
            "data.archive_file.lambda_signin"
          ]
        }
      ]
    },
    {
      "mode": "managed",
      "type": "aws_lambda_function",
      "name": "lambda_signup",
      "provider": "provider[\"registry.terraform.io/hashicorp/aws\"]",
      "instances": [
        {
          "schema_version": 0,
          "attributes": {
            "architectures": [
              "x86_64"
            ],
            "arn": "arn:aws:lambda:us-west-2:912920311350:function:lambda_function_signup",
            "code_sha256": "K5T9f+3vhdrQn2yCxbqB5hGFRtCbM+pONojuUhGycac=",
            "code_signing_config_arn": "",
            "dead_letter_config": [],
            "description": "",
            "environment": [
              {
                "variables": {
                  "COGNITO_USER_POOL_CLIENT_ID": "1e0kf1b183qibdvg2egh4sof10"
                }
              }
            ],
            "ephemeral_storage": [
              {
                "size": 512
              }
            ],
            "file_system_config": [],
            "filename": "lambda_signup.zip",
            "function_name": "lambda_function_signup",
            "handler": "lambda_signup.lambda_handler",
            "id": "lambda_function_signup",
            "image_config": [],
            "image_uri": "",
            "invoke_arn": "arn:aws:apigateway:us-west-2:lambda:path/2015-03-31/functions/arn:aws:lambda:us-west-2:912920311350:function:lambda_function_signup/invocations",
            "kms_key_arn": "",
            "last_modified": "2024-06-19T06:55:54.185+0000",
            "layers": null,
            "logging_config": [
              {
                "application_log_level": "",
                "log_format": "Text",
                "log_group": "/aws/lambda/lambda_function_signup",
                "system_log_level": ""
              }
            ],
            "memory_size": 128,
            "package_type": "Zip",
            "publish": false,
            "qualified_arn": "arn:aws:lambda:us-west-2:912920311350:function:lambda_function_signup:$LATEST",
            "qualified_invoke_arn": "arn:aws:apigateway:us-west-2:lambda:path/2015-03-31/functions/arn:aws:lambda:us-west-2:912920311350:function:lambda_function_signup:$LATEST/invocations",
            "replace_security_groups_on_destroy": null,
            "replacement_security_group_ids": null,
            "reserved_concurrent_executions": -1,
            "role": "arn:aws:iam::912920311350:role/my-lambda-full",
            "runtime": "python3.12",
            "s3_bucket": null,
            "s3_key": null,
            "s3_object_version": null,
            "signing_job_arn": "",
            "signing_profile_version_arn": "",
            "skip_destroy": false,
            "snap_start": [],
            "source_code_hash": "",
            "source_code_size": 868,
            "tags": null,
            "tags_all": {},
            "timeout": 3,
            "timeouts": null,
            "tracing_config": [
              {
                "mode": "PassThrough"
              }
            ],
            "version": "$LATEST",
            "vpc_config": []
          },
          "sensitive_attributes": [],
          "private": "eyJlMmJmYjczMC1lY2FhLTExZTYtOGY4OC0zNDM2M2JjN2M0YzAiOnsiY3JlYXRlIjo2MDAwMDAwMDAwMDAsImRlbGV0ZSI6NjAwMDAwMDAwMDAwLCJ1cGRhdGUiOjYwMDAwMDAwMDAwMH19",
          "dependencies": [
            "aws_cognito_user_pool.test",
            "aws_cognito_user_pool_client.test_client",
            "aws_lambda_function.lambda_signin",
            "data.archive_file.lambda_signin",
            "data.archive_file.lambda_signup"
          ]
        }
      ]
    },
    {
      "mode": "managed",
      "type": "aws_lambda_function",
      "name": "lambda_verification",
      "provider": "provider[\"registry.terraform.io/hashicorp/aws\"]",
      "instances": [
        {
          "schema_version": 0,
          "attributes": {
            "architectures": [
              "x86_64"
            ],
            "arn": "arn:aws:lambda:us-west-2:912920311350:function:lambda_function_verification",
            "code_sha256": "yzhaVp3pLrifrhKFqjAIKrxbdG8KUo0xgIWWlsxUTng=",
            "code_signing_config_arn": "",
            "dead_letter_config": [],
            "description": "",
            "environment": [
              {
                "variables": {
                  "COGNITO_USER_POOL_CLIENT_ID": "1e0kf1b183qibdvg2egh4sof10"
                }
              }
            ],
            "ephemeral_storage": [
              {
                "size": 512
              }
            ],
            "file_system_config": [],
            "filename": "lambda_verification.zip",
            "function_name": "lambda_function_verification",
            "handler": "lambda_verification.lambda_handler",
            "id": "lambda_function_verification",
            "image_config": [],
            "image_uri": "",
            "invoke_arn": "arn:aws:apigateway:us-west-2:lambda:path/2015-03-31/functions/arn:aws:lambda:us-west-2:912920311350:function:lambda_function_verification/invocations",
            "kms_key_arn": "",
            "last_modified": "2024-06-19T06:56:01.536+0000",
            "layers": null,
            "logging_config": [
              {
                "application_log_level": "",
                "log_format": "Text",
                "log_group": "/aws/lambda/lambda_function_verification",
                "system_log_level": ""
              }
            ],
            "memory_size": 128,
            "package_type": "Zip",
            "publish": false,
            "qualified_arn": "arn:aws:lambda:us-west-2:912920311350:function:lambda_function_verification:$LATEST",
            "qualified_invoke_arn": "arn:aws:apigateway:us-west-2:lambda:path/2015-03-31/functions/arn:aws:lambda:us-west-2:912920311350:function:lambda_function_verification:$LATEST/invocations",
            "replace_security_groups_on_destroy": null,
            "replacement_security_group_ids": null,
            "reserved_concurrent_executions": -1,
            "role": "arn:aws:iam::912920311350:role/my-lambda-full",
            "runtime": "python3.12",
            "s3_bucket": null,
            "s3_key": null,
            "s3_object_version": null,
            "signing_job_arn": "",
            "signing_profile_version_arn": "",
            "skip_destroy": false,
            "snap_start": [],
            "source_code_hash": "",
            "source_code_size": 682,
            "tags": null,
            "tags_all": {},
            "timeout": 3,
            "timeouts": null,
            "tracing_config": [
              {
                "mode": "PassThrough"
              }
            ],
            "version": "$LATEST",
            "vpc_config": []
          },
          "sensitive_attributes": [],
          "private": "eyJlMmJmYjczMC1lY2FhLTExZTYtOGY4OC0zNDM2M2JjN2M0YzAiOnsiY3JlYXRlIjo2MDAwMDAwMDAwMDAsImRlbGV0ZSI6NjAwMDAwMDAwMDAwLCJ1cGRhdGUiOjYwMDAwMDAwMDAwMH19",
          "dependencies": [
            "aws_cognito_user_pool.test",
            "aws_cognito_user_pool_client.test_client",
            "aws_lambda_function.lambda_signin",
            "aws_lambda_function.lambda_signup",
            "data.archive_file.lambda_signin",
            "data.archive_file.lambda_signup",
            "data.archive_file.lambda_verification"
          ]
        }
      ]
    },
    {
      "mode": "managed",
      "type": "aws_lambda_permission",
      "name": "allow_api_gateway",
      "provider": "provider[\"registry.terraform.io/hashicorp/aws\"]",
      "instances": [
        {
          "schema_version": 0,
          "attributes": {
            "action": "lambda:InvokeFunction",
            "event_source_token": null,
            "function_name": "lambda_function_signin",
            "function_url_auth_type": null,
            "id": "AllowAPIGatewayInvoke",
            "principal": "apigateway.amazonaws.com",
            "principal_org_id": null,
            "qualifier": "",
            "source_account": null,
            "source_arn": "arn:aws:execute-api:us-west-2:912920311350:w7jvupaxab/*/*",
            "statement_id": "AllowAPIGatewayInvoke",
            "statement_id_prefix": ""
          },
          "sensitive_attributes": [],
          "private": "bnVsbA==",
          "dependencies": [
            "aws_api_gateway_rest_api.testing",
            "aws_cognito_user_pool.test",
            "aws_cognito_user_pool_client.test_client",
            "aws_lambda_function.lambda_signin",
            "data.archive_file.lambda_signin"
          ]
        }
      ]
    },
    {
      "mode": "managed",
      "type": "aws_lambda_permission",
      "name": "allow_api_gateway_signup",
      "provider": "provider[\"registry.terraform.io/hashicorp/aws\"]",
      "instances": [
        {
          "schema_version": 0,
          "attributes": {
            "action": "lambda:InvokeFunction",
            "event_source_token": null,
            "function_name": "lambda_function_signup",
            "function_url_auth_type": null,
            "id": "AllowAPIGatewayInvokeSignup",
            "principal": "apigateway.amazonaws.com",
            "principal_org_id": null,
            "qualifier": "",
            "source_account": null,
            "source_arn": "arn:aws:execute-api:us-west-2:912920311350:w7jvupaxab/*/*",
            "statement_id": "AllowAPIGatewayInvokeSignup",
            "statement_id_prefix": ""
          },
          "sensitive_attributes": [],
          "private": "bnVsbA==",
          "dependencies": [
            "aws_api_gateway_rest_api.testing",
            "aws_cognito_user_pool.test",
            "aws_cognito_user_pool_client.test_client",
            "aws_lambda_function.lambda_signin",
            "aws_lambda_function.lambda_signup",
            "data.archive_file.lambda_signin",
            "data.archive_file.lambda_signup"
          ]
        }
      ]
    },
    {
      "mode": "managed",
      "type": "aws_lambda_permission",
      "name": "allow_api_gateway_verification",
      "provider": "provider[\"registry.terraform.io/hashicorp/aws\"]",
      "instances": [
        {
          "schema_version": 0,
          "attributes": {
            "action": "lambda:InvokeFunction",
            "event_source_token": null,
            "function_name": "lambda_function_verification",
            "function_url_auth_type": null,
            "id": "AllowAPIGatewayInvokeVerification",
            "principal": "apigateway.amazonaws.com",
            "principal_org_id": null,
            "qualifier": "",
            "source_account": null,
            "source_arn": "arn:aws:execute-api:us-west-2:912920311350:w7jvupaxab/*/*",
            "statement_id": "AllowAPIGatewayInvokeVerification",
            "statement_id_prefix": ""
          },
          "sensitive_attributes": [],
          "private": "bnVsbA==",
          "dependencies": [
            "aws_api_gateway_rest_api.testing",
            "aws_cognito_user_pool.test",
            "aws_cognito_user_pool_client.test_client",
            "aws_lambda_function.lambda_signin",
            "aws_lambda_function.lambda_signup",
            "aws_lambda_function.lambda_verification",
            "data.archive_file.lambda_signin",
            "data.archive_file.lambda_signup",
            "data.archive_file.lambda_verification"
          ]
        }
      ]
    },
    {
      "mode": "managed",
      "type": "aws_s3_bucket",
      "name": "website_bucket",
      "provider": "provider[\"registry.terraform.io/hashicorp/aws\"]",
      "instances": [
        {
          "schema_version": 0,
          "attributes": {
            "acceleration_status": "",
            "acl": null,
            "arn": "arn:aws:s3:::lpu-website-bucket-for-lpu-proj",
            "bucket": "lpu-website-bucket-for-lpu-proj",
            "bucket_domain_name": "lpu-website-bucket-for-lpu-proj.s3.amazonaws.com",
            "bucket_prefix": "",
            "bucket_regional_domain_name": "lpu-website-bucket-for-lpu-proj.s3.us-west-2.amazonaws.com",
            "cors_rule": [],
            "force_destroy": false,
            "grant": [
              {
                "id": "e3fec5b8abf8a10c8c0bdfb28f19e6600e607b92a47248a722f13b3e8a1822f3",
                "permissions": [
                  "FULL_CONTROL"
                ],
                "type": "CanonicalUser",
                "uri": ""
              }
            ],
            "hosted_zone_id": "Z3BJ6K6RIION7M",
            "id": "lpu-website-bucket-for-lpu-proj",
            "lifecycle_rule": [],
            "logging": [],
            "object_lock_configuration": [],
            "object_lock_enabled": false,
            "policy": "",
            "region": "us-west-2",
            "replication_configuration": [],
            "request_payer": "BucketOwner",
            "server_side_encryption_configuration": [
              {
                "rule": [
                  {
                    "apply_server_side_encryption_by_default": [
                      {
                        "kms_master_key_id": "",
                        "sse_algorithm": "AES256"
                      }
                    ],
                    "bucket_key_enabled": false
                  }
                ]
              }
            ],
            "tags": null,
            "tags_all": {},
            "timeouts": null,
            "versioning": [
              {
                "enabled": false,
                "mfa_delete": false
              }
            ],
            "website": [],
            "website_domain": null,
            "website_endpoint": null
          },
          "sensitive_attributes": [],
          "private": "eyJlMmJmYjczMC1lY2FhLTExZTYtOGY4OC0zNDM2M2JjN2M0YzAiOnsiY3JlYXRlIjoxMjAwMDAwMDAwMDAwLCJkZWxldGUiOjM2MDAwMDAwMDAwMDAsInJlYWQiOjEyMDAwMDAwMDAwMDAsInVwZGF0ZSI6MTIwMDAwMDAwMDAwMH19",
          "dependencies": [
            "aws_api_gateway_deployment.api_deployment",
            "aws_api_gateway_integration.signin_options",
            "aws_api_gateway_integration.signin_post",
            "aws_api_gateway_integration.signup_options",
            "aws_api_gateway_integration.signup_post",
            "aws_api_gateway_integration.verify_options",
            "aws_api_gateway_integration.verify_post",
            "aws_api_gateway_method.signin_options",
            "aws_api_gateway_method.signin_post",
            "aws_api_gateway_method.signup_options",
            "aws_api_gateway_method.signup_post",
            "aws_api_gateway_method.verify_options",
            "aws_api_gateway_method.verify_post",
            "aws_api_gateway_resource.signin",
            "aws_api_gateway_resource.signup",
            "aws_api_gateway_resource.verify",
            "aws_api_gateway_rest_api.testing",
            "aws_cognito_user_pool.test",
            "aws_cognito_user_pool_client.test_client",
            "aws_lambda_function.lambda_signin",
            "aws_lambda_function.lambda_signup",
            "aws_lambda_function.lambda_verification",
            "data.archive_file.lambda_signin",
            "data.archive_file.lambda_signup",
            "data.archive_file.lambda_verification",
            "local_file.api_urls",
            "null_resource.build_react_project"
          ]
        }
      ]
    },
    {
      "mode": "managed",
      "type": "aws_s3_bucket_policy",
      "name": "website_bucket_policy",
      "provider": "provider[\"registry.terraform.io/hashicorp/aws\"]",
      "instances": [
        {
          "schema_version": 0,
          "attributes": {
            "bucket": "lpu-website-bucket-for-lpu-proj",
            "id": "lpu-website-bucket-for-lpu-proj",
            "policy": "{\"Statement\":[{\"Action\":[\"s3:GetObject\",\"s3:PutObject\"],\"Effect\":\"Allow\",\"Principal\":\"*\",\"Resource\":\"arn:aws:s3:::lpu-website-bucket-for-lpu-proj/*\"}],\"Version\":\"2012-10-17\"}"
          },
          "sensitive_attributes": [],
          "private": "bnVsbA==",
          "dependencies": [
            "aws_api_gateway_deployment.api_deployment",
            "aws_api_gateway_integration.signin_options",
            "aws_api_gateway_integration.signin_post",
            "aws_api_gateway_integration.signup_options",
            "aws_api_gateway_integration.signup_post",
            "aws_api_gateway_integration.verify_options",
            "aws_api_gateway_integration.verify_post",
            "aws_api_gateway_method.signin_options",
            "aws_api_gateway_method.signin_post",
            "aws_api_gateway_method.signup_options",
            "aws_api_gateway_method.signup_post",
            "aws_api_gateway_method.verify_options",
            "aws_api_gateway_method.verify_post",
            "aws_api_gateway_resource.signin",
            "aws_api_gateway_resource.signup",
            "aws_api_gateway_resource.verify",
            "aws_api_gateway_rest_api.testing",
            "aws_cognito_user_pool.test",
            "aws_cognito_user_pool_client.test_client",
            "aws_lambda_function.lambda_signin",
            "aws_lambda_function.lambda_signup",
            "aws_lambda_function.lambda_verification",
            "aws_s3_bucket.website_bucket",
            "data.archive_file.lambda_signin",
            "data.archive_file.lambda_signup",
            "data.archive_file.lambda_verification",
            "local_file.api_urls",
            "null_resource.build_react_project"
          ]
        }
      ]
    },
    {
      "mode": "managed",
      "type": "aws_s3_bucket_public_access_block",
      "name": "website_bucket_public_access_block",
      "provider": "provider[\"registry.terraform.io/hashicorp/aws\"]",
      "instances": [
        {
          "schema_version": 0,
          "attributes": {
            "block_public_acls": false,
            "block_public_policy": false,
            "bucket": "lpu-website-bucket-for-lpu-proj",
            "id": "lpu-website-bucket-for-lpu-proj",
            "ignore_public_acls": false,
            "restrict_public_buckets": false
          },
          "sensitive_attributes": [],
          "private": "bnVsbA==",
          "dependencies": [
            "aws_api_gateway_deployment.api_deployment",
            "aws_api_gateway_integration.signin_options",
            "aws_api_gateway_integration.signin_post",
            "aws_api_gateway_integration.signup_options",
            "aws_api_gateway_integration.signup_post",
            "aws_api_gateway_integration.verify_options",
            "aws_api_gateway_integration.verify_post",
            "aws_api_gateway_method.signin_options",
            "aws_api_gateway_method.signin_post",
            "aws_api_gateway_method.signup_options",
            "aws_api_gateway_method.signup_post",
            "aws_api_gateway_method.verify_options",
            "aws_api_gateway_method.verify_post",
            "aws_api_gateway_resource.signin",
            "aws_api_gateway_resource.signup",
            "aws_api_gateway_resource.verify",
            "aws_api_gateway_rest_api.testing",
            "aws_cognito_user_pool.test",
            "aws_cognito_user_pool_client.test_client",
            "aws_lambda_function.lambda_signin",
            "aws_lambda_function.lambda_signup",
            "aws_lambda_function.lambda_verification",
            "aws_s3_bucket.website_bucket",
            "data.archive_file.lambda_signin",
            "data.archive_file.lambda_signup",
            "data.archive_file.lambda_verification",
            "local_file.api_urls",
            "null_resource.build_react_project"
          ]
        }
      ]
    },
    {
      "mode": "managed",
      "type": "aws_s3_bucket_website_configuration",
      "name": "Configuration",
      "provider": "provider[\"registry.terraform.io/hashicorp/aws\"]",
      "instances": [
        {
          "schema_version": 0,
          "attributes": {
            "bucket": "lpu-website-bucket-for-lpu-proj",
            "error_document": [],
            "expected_bucket_owner": "",
            "id": "lpu-website-bucket-for-lpu-proj",
            "index_document": [
              {
                "suffix": "index.html"
              }
            ],
            "redirect_all_requests_to": [],
            "routing_rule": [],
            "routing_rules": "",
            "website_domain": "s3-website-us-west-2.amazonaws.com",
            "website_endpoint": "lpu-website-bucket-for-lpu-proj.s3-website-us-west-2.amazonaws.com"
          },
          "sensitive_attributes": [],
          "private": "bnVsbA==",
          "dependencies": [
            "aws_api_gateway_deployment.api_deployment",
            "aws_api_gateway_integration.signin_options",
            "aws_api_gateway_integration.signin_post",
            "aws_api_gateway_integration.signup_options",
            "aws_api_gateway_integration.signup_post",
            "aws_api_gateway_integration.verify_options",
            "aws_api_gateway_integration.verify_post",
            "aws_api_gateway_method.signin_options",
            "aws_api_gateway_method.signin_post",
            "aws_api_gateway_method.signup_options",
            "aws_api_gateway_method.signup_post",
            "aws_api_gateway_method.verify_options",
            "aws_api_gateway_method.verify_post",
            "aws_api_gateway_resource.signin",
            "aws_api_gateway_resource.signup",
            "aws_api_gateway_resource.verify",
            "aws_api_gateway_rest_api.testing",
            "aws_cognito_user_pool.test",
            "aws_cognito_user_pool_client.test_client",
            "aws_lambda_function.lambda_signin",
            "aws_lambda_function.lambda_signup",
            "aws_lambda_function.lambda_verification",
            "aws_s3_bucket.website_bucket",
            "data.archive_file.lambda_signin",
            "data.archive_file.lambda_signup",
            "data.archive_file.lambda_verification",
            "local_file.api_urls",
            "null_resource.build_react_project"
          ]
        }
      ]
    },
    {
      "mode": "managed",
      "type": "aws_s3_object",
      "name": "build_files",
      "provider": "provider[\"registry.terraform.io/hashicorp/aws\"]",
      "instances": [
        {
          "index_key": "favicon.ico",
          "schema_version": 0,
          "attributes": {
            "acl": null,
            "arn": "arn:aws:s3:::lpu-website-bucket-for-lpu-proj/favicon.ico",
            "bucket": "lpu-website-bucket-for-lpu-proj",
            "bucket_key_enabled": false,
            "cache_control": "",
            "checksum_algorithm": null,
            "checksum_crc32": "",
            "checksum_crc32c": "",
            "checksum_sha1": "",
            "checksum_sha256": "",
            "content": null,
            "content_base64": null,
            "content_disposition": "",
            "content_encoding": "",
            "content_language": "",
            "content_type": "application/octet-stream",
            "etag": "c92b85a5b907c70211f4ec25e29a8c4a",
            "force_destroy": false,
            "id": "favicon.ico",
            "key": "favicon.ico",
            "kms_key_id": null,
            "metadata": null,
            "object_lock_legal_hold_status": "",
            "object_lock_mode": "",
            "object_lock_retain_until_date": "",
            "override_provider": [],
            "server_side_encryption": "AES256",
            "source": "/home/vishal/Downloads/Terraform/my-react-app/build/favicon.ico",
            "source_hash": null,
            "storage_class": "STANDARD",
            "tags": null,
            "tags_all": {},
            "version_id": "",
            "website_redirect": ""
          },
          "sensitive_attributes": [],
          "private": "bnVsbA==",
          "dependencies": [
            "aws_api_gateway_deployment.api_deployment",
            "aws_api_gateway_integration.signin_options",
            "aws_api_gateway_integration.signin_post",
            "aws_api_gateway_integration.signup_options",
            "aws_api_gateway_integration.signup_post",
            "aws_api_gateway_integration.verify_options",
            "aws_api_gateway_integration.verify_post",
            "aws_api_gateway_method.signin_options",
            "aws_api_gateway_method.signin_post",
            "aws_api_gateway_method.signup_options",
            "aws_api_gateway_method.signup_post",
            "aws_api_gateway_method.verify_options",
            "aws_api_gateway_method.verify_post",
            "aws_api_gateway_resource.signin",
            "aws_api_gateway_resource.signup",
            "aws_api_gateway_resource.verify",
            "aws_api_gateway_rest_api.testing",
            "aws_cognito_user_pool.test",
            "aws_cognito_user_pool_client.test_client",
            "aws_lambda_function.lambda_signin",
            "aws_lambda_function.lambda_signup",
            "aws_lambda_function.lambda_verification",
            "aws_s3_bucket.website_bucket",
            "data.archive_file.lambda_signin",
            "data.archive_file.lambda_signup",
            "data.archive_file.lambda_verification",
            "local_file.api_urls",
            "null_resource.build_react_project"
          ]
        },
        {
          "index_key": "logo192.png",
          "schema_version": 0,
          "attributes": {
            "acl": null,
            "arn": "arn:aws:s3:::lpu-website-bucket-for-lpu-proj/logo192.png",
            "bucket": "lpu-website-bucket-for-lpu-proj",
            "bucket_key_enabled": false,
            "cache_control": "",
            "checksum_algorithm": null,
            "checksum_crc32": "",
            "checksum_crc32c": "",
            "checksum_sha1": "",
            "checksum_sha256": "",
            "content": null,
            "content_base64": null,
            "content_disposition": "",
            "content_encoding": "",
            "content_language": "",
            "content_type": "image/png",
            "etag": "33dbdd0177549353eeeb785d02c294af",
            "force_destroy": false,
            "id": "logo192.png",
            "key": "logo192.png",
            "kms_key_id": null,
            "metadata": null,
            "object_lock_legal_hold_status": "",
            "object_lock_mode": "",
            "object_lock_retain_until_date": "",
            "override_provider": [],
            "server_side_encryption": "AES256",
            "source": "/home/vishal/Downloads/Terraform/my-react-app/build/logo192.png",
            "source_hash": null,
            "storage_class": "STANDARD",
            "tags": null,
            "tags_all": {},
            "version_id": "",
            "website_redirect": ""
          },
          "sensitive_attributes": [],
          "private": "bnVsbA==",
          "dependencies": [
            "aws_api_gateway_deployment.api_deployment",
            "aws_api_gateway_integration.signin_options",
            "aws_api_gateway_integration.signin_post",
            "aws_api_gateway_integration.signup_options",
            "aws_api_gateway_integration.signup_post",
            "aws_api_gateway_integration.verify_options",
            "aws_api_gateway_integration.verify_post",
            "aws_api_gateway_method.signin_options",
            "aws_api_gateway_method.signin_post",
            "aws_api_gateway_method.signup_options",
            "aws_api_gateway_method.signup_post",
            "aws_api_gateway_method.verify_options",
            "aws_api_gateway_method.verify_post",
            "aws_api_gateway_resource.signin",
            "aws_api_gateway_resource.signup",
            "aws_api_gateway_resource.verify",
            "aws_api_gateway_rest_api.testing",
            "aws_cognito_user_pool.test",
            "aws_cognito_user_pool_client.test_client",
            "aws_lambda_function.lambda_signin",
            "aws_lambda_function.lambda_signup",
            "aws_lambda_function.lambda_verification",
            "aws_s3_bucket.website_bucket",
            "data.archive_file.lambda_signin",
            "data.archive_file.lambda_signup",
            "data.archive_file.lambda_verification",
            "local_file.api_urls",
            "null_resource.build_react_project"
          ]
        },
        {
          "index_key": "logo512.png",
          "schema_version": 0,
          "attributes": {
            "acl": null,
            "arn": "arn:aws:s3:::lpu-website-bucket-for-lpu-proj/logo512.png",
            "bucket": "lpu-website-bucket-for-lpu-proj",
            "bucket_key_enabled": false,
            "cache_control": "",
            "checksum_algorithm": null,
            "checksum_crc32": "",
            "checksum_crc32c": "",
            "checksum_sha1": "",
            "checksum_sha256": "",
            "content": null,
            "content_base64": null,
            "content_disposition": "",
            "content_encoding": "",
            "content_language": "",
            "content_type": "image/png",
            "etag": "917515db74ea8d1aee6a246cfbcc0b45",
            "force_destroy": false,
            "id": "logo512.png",
            "key": "logo512.png",
            "kms_key_id": null,
            "metadata": null,
            "object_lock_legal_hold_status": "",
            "object_lock_mode": "",
            "object_lock_retain_until_date": "",
            "override_provider": [],
            "server_side_encryption": "AES256",
            "source": "/home/vishal/Downloads/Terraform/my-react-app/build/logo512.png",
            "source_hash": null,
            "storage_class": "STANDARD",
            "tags": null,
            "tags_all": {},
            "version_id": "",
            "website_redirect": ""
          },
          "sensitive_attributes": [],
          "private": "bnVsbA==",
          "dependencies": [
            "aws_api_gateway_deployment.api_deployment",
            "aws_api_gateway_integration.signin_options",
            "aws_api_gateway_integration.signin_post",
            "aws_api_gateway_integration.signup_options",
            "aws_api_gateway_integration.signup_post",
            "aws_api_gateway_integration.verify_options",
            "aws_api_gateway_integration.verify_post",
            "aws_api_gateway_method.signin_options",
            "aws_api_gateway_method.signin_post",
            "aws_api_gateway_method.signup_options",
            "aws_api_gateway_method.signup_post",
            "aws_api_gateway_method.verify_options",
            "aws_api_gateway_method.verify_post",
            "aws_api_gateway_resource.signin",
            "aws_api_gateway_resource.signup",
            "aws_api_gateway_resource.verify",
            "aws_api_gateway_rest_api.testing",
            "aws_cognito_user_pool.test",
            "aws_cognito_user_pool_client.test_client",
            "aws_lambda_function.lambda_signin",
            "aws_lambda_function.lambda_signup",
            "aws_lambda_function.lambda_verification",
            "aws_s3_bucket.website_bucket",
            "data.archive_file.lambda_signin",
            "data.archive_file.lambda_signup",
            "data.archive_file.lambda_verification",
            "local_file.api_urls",
            "null_resource.build_react_project"
          ]
        },
        {
          "index_key": "manifest.json",
          "schema_version": 0,
          "attributes": {
            "acl": null,
            "arn": "arn:aws:s3:::lpu-website-bucket-for-lpu-proj/manifest.json",
            "bucket": "lpu-website-bucket-for-lpu-proj",
            "bucket_key_enabled": false,
            "cache_control": "",
            "checksum_algorithm": null,
            "checksum_crc32": "",
            "checksum_crc32c": "",
            "checksum_sha1": "",
            "checksum_sha256": "",
            "content": null,
            "content_base64": null,
            "content_disposition": "",
            "content_encoding": "",
            "content_language": "",
            "content_type": "application/json",
            "etag": "d9d975cebe2ec20b6c652e1e4c12ccf0",
            "force_destroy": false,
            "id": "manifest.json",
            "key": "manifest.json",
            "kms_key_id": null,
            "metadata": null,
            "object_lock_legal_hold_status": "",
            "object_lock_mode": "",
            "object_lock_retain_until_date": "",
            "override_provider": [],
            "server_side_encryption": "AES256",
            "source": "/home/vishal/Downloads/Terraform/my-react-app/build/manifest.json",
            "source_hash": null,
            "storage_class": "STANDARD",
            "tags": null,
            "tags_all": {},
            "version_id": "",
            "website_redirect": ""
          },
          "sensitive_attributes": [],
          "private": "bnVsbA==",
          "dependencies": [
            "aws_api_gateway_deployment.api_deployment",
            "aws_api_gateway_integration.signin_options",
            "aws_api_gateway_integration.signin_post",
            "aws_api_gateway_integration.signup_options",
            "aws_api_gateway_integration.signup_post",
            "aws_api_gateway_integration.verify_options",
            "aws_api_gateway_integration.verify_post",
            "aws_api_gateway_method.signin_options",
            "aws_api_gateway_method.signin_post",
            "aws_api_gateway_method.signup_options",
            "aws_api_gateway_method.signup_post",
            "aws_api_gateway_method.verify_options",
            "aws_api_gateway_method.verify_post",
            "aws_api_gateway_resource.signin",
            "aws_api_gateway_resource.signup",
            "aws_api_gateway_resource.verify",
            "aws_api_gateway_rest_api.testing",
            "aws_cognito_user_pool.test",
            "aws_cognito_user_pool_client.test_client",
            "aws_lambda_function.lambda_signin",
            "aws_lambda_function.lambda_signup",
            "aws_lambda_function.lambda_verification",
            "aws_s3_bucket.website_bucket",
            "data.archive_file.lambda_signin",
            "data.archive_file.lambda_signup",
            "data.archive_file.lambda_verification",
            "local_file.api_urls",
            "null_resource.build_react_project"
          ]
        },
        {
          "index_key": "robots.txt",
          "schema_version": 0,
          "attributes": {
            "acl": null,
            "arn": "arn:aws:s3:::lpu-website-bucket-for-lpu-proj/robots.txt",
            "bucket": "lpu-website-bucket-for-lpu-proj",
            "bucket_key_enabled": false,
            "cache_control": "",
            "checksum_algorithm": null,
            "checksum_crc32": "",
            "checksum_crc32c": "",
            "checksum_sha1": "",
            "checksum_sha256": "",
            "content": null,
            "content_base64": null,
            "content_disposition": "",
            "content_encoding": "",
            "content_language": "",
            "content_type": "application/octet-stream",
            "etag": "fa1ded1ed7c11438a9b0385b1e112850",
            "force_destroy": false,
            "id": "robots.txt",
            "key": "robots.txt",
            "kms_key_id": null,
            "metadata": null,
            "object_lock_legal_hold_status": "",
            "object_lock_mode": "",
            "object_lock_retain_until_date": "",
            "override_provider": [],
            "server_side_encryption": "AES256",
            "source": "/home/vishal/Downloads/Terraform/my-react-app/build/robots.txt",
            "source_hash": null,
            "storage_class": "STANDARD",
            "tags": null,
            "tags_all": {},
            "version_id": "",
            "website_redirect": ""
          },
          "sensitive_attributes": [],
          "private": "bnVsbA==",
          "dependencies": [
            "aws_api_gateway_deployment.api_deployment",
            "aws_api_gateway_integration.signin_options",
            "aws_api_gateway_integration.signin_post",
            "aws_api_gateway_integration.signup_options",
            "aws_api_gateway_integration.signup_post",
            "aws_api_gateway_integration.verify_options",
            "aws_api_gateway_integration.verify_post",
            "aws_api_gateway_method.signin_options",
            "aws_api_gateway_method.signin_post",
            "aws_api_gateway_method.signup_options",
            "aws_api_gateway_method.signup_post",
            "aws_api_gateway_method.verify_options",
            "aws_api_gateway_method.verify_post",
            "aws_api_gateway_resource.signin",
            "aws_api_gateway_resource.signup",
            "aws_api_gateway_resource.verify",
            "aws_api_gateway_rest_api.testing",
            "aws_cognito_user_pool.test",
            "aws_cognito_user_pool_client.test_client",
            "aws_lambda_function.lambda_signin",
            "aws_lambda_function.lambda_signup",
            "aws_lambda_function.lambda_verification",
            "aws_s3_bucket.website_bucket",
            "data.archive_file.lambda_signin",
            "data.archive_file.lambda_signup",
            "data.archive_file.lambda_verification",
            "local_file.api_urls",
            "null_resource.build_react_project"
          ]
        },
        {
          "index_key": "static/css/main.5cbf15ef.css",
          "schema_version": 0,
          "attributes": {
            "acl": null,
            "arn": "arn:aws:s3:::lpu-website-bucket-for-lpu-proj/static/css/main.5cbf15ef.css",
            "bucket": "lpu-website-bucket-for-lpu-proj",
            "bucket_key_enabled": false,
            "cache_control": "",
            "checksum_algorithm": null,
            "checksum_crc32": "",
            "checksum_crc32c": "",
            "checksum_sha1": "",
            "checksum_sha256": "",
            "content": null,
            "content_base64": null,
            "content_disposition": "",
            "content_encoding": "",
            "content_language": "",
            "content_type": "text/css",
            "etag": "3139fafeb0b8f88a10accbe554919c55",
            "force_destroy": false,
            "id": "static/css/main.5cbf15ef.css",
            "key": "static/css/main.5cbf15ef.css",
            "kms_key_id": null,
            "metadata": null,
            "object_lock_legal_hold_status": "",
            "object_lock_mode": "",
            "object_lock_retain_until_date": "",
            "override_provider": [],
            "server_side_encryption": "AES256",
            "source": "/home/vishal/Downloads/Terraform/my-react-app/build/static/css/main.5cbf15ef.css",
            "source_hash": null,
            "storage_class": "STANDARD",
            "tags": null,
            "tags_all": {},
            "version_id": "",
            "website_redirect": ""
          },
          "sensitive_attributes": [],
          "private": "bnVsbA==",
          "dependencies": [
            "aws_api_gateway_deployment.api_deployment",
            "aws_api_gateway_integration.signin_options",
            "aws_api_gateway_integration.signin_post",
            "aws_api_gateway_integration.signup_options",
            "aws_api_gateway_integration.signup_post",
            "aws_api_gateway_integration.verify_options",
            "aws_api_gateway_integration.verify_post",
            "aws_api_gateway_method.signin_options",
            "aws_api_gateway_method.signin_post",
            "aws_api_gateway_method.signup_options",
            "aws_api_gateway_method.signup_post",
            "aws_api_gateway_method.verify_options",
            "aws_api_gateway_method.verify_post",
            "aws_api_gateway_resource.signin",
            "aws_api_gateway_resource.signup",
            "aws_api_gateway_resource.verify",
            "aws_api_gateway_rest_api.testing",
            "aws_cognito_user_pool.test",
            "aws_cognito_user_pool_client.test_client",
            "aws_lambda_function.lambda_signin",
            "aws_lambda_function.lambda_signup",
            "aws_lambda_function.lambda_verification",
            "aws_s3_bucket.website_bucket",
            "data.archive_file.lambda_signin",
            "data.archive_file.lambda_signup",
            "data.archive_file.lambda_verification",
            "local_file.api_urls",
            "null_resource.build_react_project"
          ]
        },
        {
          "index_key": "static/css/main.5cbf15ef.css.map",
          "schema_version": 0,
          "attributes": {
            "acl": null,
            "arn": "arn:aws:s3:::lpu-website-bucket-for-lpu-proj/static/css/main.5cbf15ef.css.map",
            "bucket": "lpu-website-bucket-for-lpu-proj",
            "bucket_key_enabled": false,
            "cache_control": "",
            "checksum_algorithm": null,
            "checksum_crc32": "",
            "checksum_crc32c": "",
            "checksum_sha1": "",
            "checksum_sha256": "",
            "content": null,
            "content_base64": null,
            "content_disposition": "",
            "content_encoding": "",
            "content_language": "",
            "content_type": "application/octet-stream",
            "etag": "7174f38aa53edc1851cf6f3a256d3021",
            "force_destroy": false,
            "id": "static/css/main.5cbf15ef.css.map",
            "key": "static/css/main.5cbf15ef.css.map",
            "kms_key_id": null,
            "metadata": null,
            "object_lock_legal_hold_status": "",
            "object_lock_mode": "",
            "object_lock_retain_until_date": "",
            "override_provider": [],
            "server_side_encryption": "AES256",
            "source": "/home/vishal/Downloads/Terraform/my-react-app/build/static/css/main.5cbf15ef.css.map",
            "source_hash": null,
            "storage_class": "STANDARD",
            "tags": null,
            "tags_all": {},
            "version_id": "",
            "website_redirect": ""
          },
          "sensitive_attributes": [],
          "private": "bnVsbA==",
          "dependencies": [
            "aws_api_gateway_deployment.api_deployment",
            "aws_api_gateway_integration.signin_options",
            "aws_api_gateway_integration.signin_post",
            "aws_api_gateway_integration.signup_options",
            "aws_api_gateway_integration.signup_post",
            "aws_api_gateway_integration.verify_options",
            "aws_api_gateway_integration.verify_post",
            "aws_api_gateway_method.signin_options",
            "aws_api_gateway_method.signin_post",
            "aws_api_gateway_method.signup_options",
            "aws_api_gateway_method.signup_post",
            "aws_api_gateway_method.verify_options",
            "aws_api_gateway_method.verify_post",
            "aws_api_gateway_resource.signin",
            "aws_api_gateway_resource.signup",
            "aws_api_gateway_resource.verify",
            "aws_api_gateway_rest_api.testing",
            "aws_cognito_user_pool.test",
            "aws_cognito_user_pool_client.test_client",
            "aws_lambda_function.lambda_signin",
            "aws_lambda_function.lambda_signup",
            "aws_lambda_function.lambda_verification",
            "aws_s3_bucket.website_bucket",
            "data.archive_file.lambda_signin",
            "data.archive_file.lambda_signup",
            "data.archive_file.lambda_verification",
            "local_file.api_urls",
            "null_resource.build_react_project"
          ]
        }
      ]
    },
    {
      "mode": "managed",
      "type": "local_file",
      "name": "api_urls",
      "provider": "provider[\"registry.terraform.io/hashicorp/local\"]",
      "instances": [
        {
          "schema_version": 0,
          "attributes": {
            "content": "REACT_APP_API_URL_SIGNIN=https://w7jvupaxab.execute-api.us-west-2.amazonaws.com/lpu/signin\nREACT_APP_API_URL_SIGNUP=https://w7jvupaxab.execute-api.us-west-2.amazonaws.com/lpu/signup\nREACT_APP_API_URL_VERIFY=https://w7jvupaxab.execute-api.us-west-2.amazonaws.com/lpu/verify\n",
            "content_base64": null,
            "content_base64sha256": "JuAQqYPeaa6jwHFcz5UgOR5aesUV9XvM4oSiqurLeaw=",
            "content_base64sha512": "AzzsQCGpIBjPgm+vzOgFwY6LZr32SEOK1hDJBFrC+o79HOPBgtzpL14dutZvMpnyURUT2Ztj0nq66qNmId/0QA==",
            "content_md5": "d598189713d1f37865aab9e358161cec",
            "content_sha1": "ae79bacafe8b00e243a535f7a5ad98e9b7ec4362",
            "content_sha256": "26e010a983de69aea3c0715ccf9520391e5a7ac515f57bcce284a2aaeacb79ac",
            "content_sha512": "033cec4021a92018cf826fafcce805c18e8b66bdf648438ad610c9045ac2fa8efd1ce3c182dce92f5e1dbad66f3299f2511513d99b63d27abaeaa36621dff440",
            "directory_permission": "0777",
            "file_permission": "0777",
            "filename": "/home/vishal/Downloads/Terraform/my-react-app/.env",
            "id": "ae79bacafe8b00e243a535f7a5ad98e9b7ec4362",
            "sensitive_content": null,
            "source": null
          },
          "sensitive_attributes": [
            [
              {
                "type": "get_attr",
                "value": "sensitive_content"
              }
            ]
          ],
          "dependencies": [
            "aws_api_gateway_deployment.api_deployment",
            "aws_api_gateway_integration.signin_options",
            "aws_api_gateway_integration.signin_post",
            "aws_api_gateway_integration.signup_options",
            "aws_api_gateway_integration.signup_post",
            "aws_api_gateway_integration.verify_options",
            "aws_api_gateway_integration.verify_post",
            "aws_api_gateway_method.signin_options",
            "aws_api_gateway_method.signin_post",
            "aws_api_gateway_method.signup_options",
            "aws_api_gateway_method.signup_post",
            "aws_api_gateway_method.verify_options",
            "aws_api_gateway_method.verify_post",
            "aws_api_gateway_resource.signin",
            "aws_api_gateway_resource.signup",
            "aws_api_gateway_resource.verify",
            "aws_api_gateway_rest_api.testing",
            "aws_cognito_user_pool.test",
            "aws_cognito_user_pool_client.test_client",
            "aws_lambda_function.lambda_signin",
            "aws_lambda_function.lambda_signup",
            "aws_lambda_function.lambda_verification",
            "data.archive_file.lambda_signin",
            "data.archive_file.lambda_signup",
            "data.archive_file.lambda_verification"
          ]
        }
      ]
    },
    {
      "mode": "managed",
      "type": "null_resource",
      "name": "build_react_project",
      "provider": "provider[\"registry.terraform.io/hashicorp/null\"]",
      "instances": [
        {
          "schema_version": 0,
          "attributes": {
            "id": "3116843046649834993",
            "triggers": {
              "build_time": "2024-06-19T06:56:09Z"
            }
          },
          "sensitive_attributes": [],
          "dependencies": [
            "aws_api_gateway_deployment.api_deployment",
            "aws_api_gateway_integration.signin_options",
            "aws_api_gateway_integration.signin_post",
            "aws_api_gateway_integration.signup_options",
            "aws_api_gateway_integration.signup_post",
            "aws_api_gateway_integration.verify_options",
            "aws_api_gateway_integration.verify_post",
            "aws_api_gateway_method.signin_options",
            "aws_api_gateway_method.signin_post",
            "aws_api_gateway_method.signup_options",
            "aws_api_gateway_method.signup_post",
            "aws_api_gateway_method.verify_options",
            "aws_api_gateway_method.verify_post",
            "aws_api_gateway_resource.signin",
            "aws_api_gateway_resource.signup",
            "aws_api_gateway_resource.verify",
            "aws_api_gateway_rest_api.testing",
            "aws_cognito_user_pool.test",
            "aws_cognito_user_pool_client.test_client",
            "aws_lambda_function.lambda_signin",
            "aws_lambda_function.lambda_signup",
            "aws_lambda_function.lambda_verification",
            "data.archive_file.lambda_signin",
            "data.archive_file.lambda_signup",
            "data.archive_file.lambda_verification",
            "local_file.api_urls"
          ]
        }
      ]
    }
  ],
  "check_results": null
}
